
Microsoft Visual Studio Solution File, Format Version 12.00
# Visual Studio Version 16
VisualStudioVersion = 16.0.30114.105
MinimumVisualStudioVersion = 10.0.40219.1
Project("{9A19103F-16F7-4668-BE54-9A1E7A4F7556}") = "Domain", "Domain\Domain.csproj", "{2088C16C-9803-4429-8133-39678D43977B}"
EndProject
Project("{9A19103F-16F7-4668-BE54-9A1E7A4F7556}") = "Infra", "Infra\Infra.csproj", "{F0A559F2-8EFB-4288-9B31-E68AD61E58E1}"
EndProject
Project("{9A19103F-16F7-4668-BE54-9A1E7A4F7556}") = "Application", "Application\Application.csproj", "{BDAB10BE-CB4F-4AC4-9F29-0F8A47DB8D56}"
EndProject
Project("{9A19103F-16F7-4668-BE54-9A1E7A4F7556}") = "Api", "Api\Api.csproj", "{C6A2F21B-2EE0-4BD9-859B-0B3B4E4EBDBE}"
EndProject
Global
	GlobalSection(SolutionConfigurationPlatforms) = preSolution
		Debug|Any CPU = Debug|Any CPU
		Debug|x64 = Debug|x64
		Debug|x86 = Debug|x86
		Release|Any CPU = Release|Any CPU
		Release|x64 = Release|x64
		Release|x86 = Release|x86
	EndGlobalSection
	GlobalSection(ProjectConfigurationPlatforms) = postSolution
		{2088C16C-9803-4429-8133-39678D43977B}.Debug|Any CPU.ActiveCfg = Debug|Any CPU
		{2088C16C-9803-4429-8133-39678D43977B}.Debug|Any CPU.Build.0 = Debug|Any CPU
		{2088C16C-9803-4429-8133-39678D43977B}.Debug|x64.ActiveCfg = Debug|Any CPU
		{2088C16C-9803-4429-8133-39678D43977B}.Debug|x64.Build.0 = Debug|Any CPU
		{2088C16C-9803-4429-8133-39678D43977B}.Debug|x86.ActiveCfg = Debug|Any CPU
		{2088C16C-9803-4429-8133-39678D43977B}.Debug|x86.Build.0 = Debug|Any CPU
		{2088C16C-9803-4429-8133-39678D43977B}.Release|Any CPU.ActiveCfg = Release|Any CPU
		{2088C16C-9803-4429-8133-39678D43977B}.Release|Any CPU.Build.0 = Release|Any CPU
		{2088C16C-9803-4429-8133-39678D43977B}.Release|x64.ActiveCfg = Release|Any CPU
		{2088C16C-9803-4429-8133-39678D43977B}.Release|x64.Build.0 = Release|Any CPU
		{2088C16C-9803-4429-8133-39678D43977B}.Release|x86.ActiveCfg = Release|Any CPU
		{2088C16C-9803-4429-8133-39678D43977B}.Release|x86.Build.0 = Release|Any CPU
		{F0A559F2-8EFB-4288-9B31-E68AD61E58E1}.Debug|Any CPU.ActiveCfg = Debug|Any CPU
		{F0A559F2-8EFB-4288-9B31-E68AD61E58E1}.Debug|Any CPU.Build.0 = Debug|Any CPU
		{F0A559F2-8EFB-4288-9B31-E68AD61E58E1}.Debug|x64.ActiveCfg = Debug|Any CPU
		{F0A559F2-8EFB-4288-9B31-E68AD61E58E1}.Debug|x64.Build.0 = Debug|Any CPU
		{F0A559F2-8EFB-4288-9B31-E68AD61E58E1}.Debug|x86.ActiveCfg = Debug|Any CPU
		{F0A559F2-8EFB-4288-9B31-E68AD61E58E1}.Debug|x86.Build.0 = Debug|Any CPU
		{F0A559F2-8EFB-4288-9B31-E68AD61E58E1}.Release|Any CPU.ActiveCfg = Release|Any CPU
		{F0A559F2-8EFB-4288-9B31-E68AD61E58E1}.Release|Any CPU.Build.0 = Release|Any CPU
		{F0A559F2-8EFB-4288-9B31-E68AD61E58E1}.Release|x64.ActiveCfg = Release|Any CPU
		{F0A559F2-8EFB-4288-9B31-E68AD61E58E1}.Release|x64.Build.0 = Release|Any CPU
		{F0A559F2-8EFB-4288-9B31-E68AD61E58E1}.Release|x86.ActiveCfg = Release|Any CPU
		{F0A559F2-8EFB-4288-9B31-E68AD61E58E1}.Release|x86.Build.0 = Release|Any CPU
		{BDAB10BE-CB4F-4AC4-9F29-0F8A47DB8D56}.Debug|Any CPU.ActiveCfg = Debug|Any CPU
		{BDAB10BE-CB4F-4AC4-9F29-0F8A47DB8D56}.Debug|Any CPU.Build.0 = Debug|Any CPU
		{BDAB10BE-CB4F-4AC4-9F29-0F8A47DB8D56}.Debug|x64.ActiveCfg = Debug|Any CPU
		{BDAB10BE-CB4F-4AC4-9F29-0F8A47DB8D56}.Debug|x64.Build.0 = Debug|Any CPU
		{BDAB10BE-CB4F-4AC4-9F29-0F8A47DB8D56}.Debug|x86.ActiveCfg = Debug|Any CPU
		{BDAB10BE-CB4F-4AC4-9F29-0F8A47DB8D56}.Debug|x86.Build.0 = Debug|Any CPU
		{BDAB10BE-CB4F-4AC4-9F29-0F8A47DB8D56}.Release|Any CPU.ActiveCfg = Release|Any CPU
		{BDAB10BE-CB4F-4AC4-9F29-0F8A47DB8D56}.Release|Any CPU.Build.0 = Release|Any CPU
		{BDAB10BE-CB4F-4AC4-9F29-0F8A47DB8D56}.Release|x64.ActiveCfg = Release|Any CPU
		{BDAB10BE-CB4F-4AC4-9F29-0F8A47DB8D56}.Release|x64.Build.0 = Release|Any CPU
		{BDAB10BE-CB4F-4AC4-9F29-0F8A47DB8D56}.Release|x86.ActiveCfg = Release|Any CPU
		{BDAB10BE-CB4F-4AC4-9F29-0F8A47DB8D56}.Release|x86.Build.0 = Release|Any CPU
		{C6A2F21B-2EE0-4BD9-859B-0B3B4E4EBDBE}.Debug|Any CPU.ActiveCfg = Debug|Any CPU
		{C6A2F21B-2EE0-4BD9-859B-0B3B4E4EBDBE}.Debug|Any CPU.Build.0 = Debug|Any CPU
		{C6A2F21B-2EE0-4BD9-859B-0B3B4E4EBDBE}.Debug|x64.ActiveCfg = Debug|Any CPU
		{C6A2F21B-2EE0-4BD9-859B-0B3B4E4EBDBE}.Debug|x64.Build.0 = Debug|Any CPU
		{C6A2F21B-2EE0-4BD9-859B-0B3B4E4EBDBE}.Debug|x86.ActiveCfg = Debug|Any CPU
		{C6A2F21B-2EE0-4BD9-859B-0B3B4E4EBDBE}.Debug|x86.Build.0 = Debug|Any CPU
		{C6A2F21B-2EE0-4BD9-859B-0B3B4E4EBDBE}.Release|Any CPU.ActiveCfg = Release|Any CPU
		{C6A2F21B-2EE0-4BD9-859B-0B3B4E4EBDBE}.Release|Any CPU.Build.0 = Release|Any CPU
		{C6A2F21B-2EE0-4BD9-859B-0B3B4E4EBDBE}.Release|x64.ActiveCfg = Release|Any CPU
		{C6A2F21B-2EE0-4BD9-859B-0B3B4E4EBDBE}.Release|x64.Build.0 = Release|Any CPU
		{C6A2F21B-2EE0-4BD9-859B-0B3B4E4EBDBE}.Release|x86.ActiveCfg = Release|Any CPU
		{C6A2F21B-2EE0-4BD9-859B-0B3B4E4EBDBE}.Release|x86.Build.0 = Release|Any CPU
	EndGlobalSection
	GlobalSection(SolutionProperties) = preSolution
		HideSolutionNode = FALSE
	EndGlobalSection
	GlobalSection(ExtensibilityGlobals) = postSolution
		SolutionGuid = {01E5964E-B5E5-4B50-91BE-82669780E38A}
	EndGlobalSection
EndGlobal
